
Microsoft Visual Studio Solution File, Format Version 12.00
# Visual Studio 2013
VisualStudioVersion = 12.0.40629.0
MinimumVisualStudioVersion = 10.0.40219.1
Project("{8BC9CEB8-8B4A-11D0-8D11-00A0C91BC942}") = "MTP_Port2", "MTP_Port2\MTP_Port2.vcxproj", "{B91A5F00-1BED-445C-B107-8815DD4CB6CA}"
EndProject
Project("{8BC9CEB8-8B4A-11D0-8D11-00A0C91BC942}") = "OOPTests", "OOPTests\OOPTests.vcxproj", "{54514D78-D021-41E4-9E87-D59DB7378325}"
EndProject
Global
	GlobalSection(SolutionConfigurationPlatforms) = preSolution
		Debug|Mixed Platforms = Debug|Mixed Platforms
		Debug|Win32 = Debug|Win32
		Debug|x64 = Debug|x64
		Debug|x86 = Debug|x86
		Release|Mixed Platforms = Release|Mixed Platforms
		Release|Win32 = Release|Win32
		Release|x64 = Release|x64
		Release|x86 = Release|x86
	EndGlobalSection
	GlobalSection(ProjectConfigurationPlatforms) = postSolution
		{B91A5F00-1BED-445C-B107-8815DD4CB6CA}.Debug|Mixed Platforms.ActiveCfg = Debug|Win32
		{B91A5F00-1BED-445C-B107-8815DD4CB6CA}.Debug|Mixed Platforms.Build.0 = Debug|Win32
		{B91A5F00-1BED-445C-B107-8815DD4CB6CA}.Debug|Win32.ActiveCfg = Debug|Win32
		{B91A5F00-1BED-445C-B107-8815DD4CB6CA}.Debug|Win32.Build.0 = Debug|Win32
		{B91A5F00-1BED-445C-B107-8815DD4CB6CA}.Debug|x64.ActiveCfg = Debug|x64
		{B91A5F00-1BED-445C-B107-8815DD4CB6CA}.Debug|x64.Build.0 = Debug|x64
		{B91A5F00-1BED-445C-B107-8815DD4CB6CA}.Debug|x86.ActiveCfg = Debug|Win32
		{B91A5F00-1BED-445C-B107-8815DD4CB6CA}.Debug|x86.Build.0 = Debug|Win32
		{B91A5F00-1BED-445C-B107-8815DD4CB6CA}.Release|Mixed Platforms.ActiveCfg = Release|Win32
		{B91A5F00-1BED-445C-B107-8815DD4CB6CA}.Release|Mixed Platforms.Build.0 = Release|Win32
		{B91A5F00-1BED-445C-B107-8815DD4CB6CA}.Release|Win32.ActiveCfg = Release|Win32
		{B91A5F00-1BED-445C-B107-8815DD4CB6CA}.Release|Win32.Build.0 = Release|Win32
		{B91A5F00-1BED-445C-B107-8815DD4CB6CA}.Release|x64.ActiveCfg = Release|x64
		{B91A5F00-1BED-445C-B107-8815DD4CB6CA}.Release|x64.Build.0 = Release|x64
		{B91A5F00-1BED-445C-B107-8815DD4CB6CA}.Release|x86.ActiveCfg = Release|Win32
		{B91A5F00-1BED-445C-B107-8815DD4CB6CA}.Release|x86.Build.0 = Release|Win32
		{54514D78-D021-41E4-9E87-D59DB7378325}.Debug|Mixed Platforms.ActiveCfg = Debug|Win32
		{54514D78-D021-41E4-9E87-D59DB7378325}.Debug|Mixed Platforms.Build.0 = Debug|Win32
		{54514D78-D021-41E4-9E87-D59DB7378325}.Debug|Win32.ActiveCfg = Debug|Win32
		{54514D78-D021-41E4-9E87-D59DB7378325}.Debug|Win32.Build.0 = Debug|Win32
		{54514D78-D021-41E4-9E87-D59DB7378325}.Debug|x64.ActiveCfg = Debug|Win32
		{54514D78-D021-41E4-9E87-D59DB7378325}.Debug|x86.ActiveCfg = Debug|Win32
		{54514D78-D021-41E4-9E87-D59DB7378325}.Debug|x86.Build.0 = Debug|Win32
		{54514D78-D021-41E4-9E87-D59DB7378325}.Release|Mixed Platforms.ActiveCfg = Release|Win32
		{54514D78-D021-41E4-9E87-D59DB7378325}.Release|Mixed Platforms.Build.0 = Release|Win32
		{54514D78-D021-41E4-9E87-D59DB7378325}.Release|Win32.ActiveCfg = Release|Win32
		{54514D78-D021-41E4-9E87-D59DB7378325}.Release|Win32.Build.0 = Release|Win32
		{54514D78-D021-41E4-9E87-D59DB7378325}.Release|x64.ActiveCfg = Release|Win32
		{54514D78-D021-41E4-9E87-D59DB7378325}.Release|x86.ActiveCfg = Release|Win32
		{54514D78-D021-41E4-9E87-D59DB7378325}.Release|x86.Build.0 = Release|Win32
	EndGlobalSection
	GlobalSection(SolutionProperties) = preSolution
		HideSolutionNode = FALSE
	EndGlobalSection
EndGlobal
